
Microsoft Visual Studio Solution File, Format Version 12.00
# Visual Studio Version 17
VisualStudioVersion = 17.0.32126.317
MinimumVisualStudioVersion = 10.0.40219.1
Project("{9A19103F-16F7-4668-BE54-9A1E7A4F7556}") = "PluginsWithDependenciesTest", "PluginsWithDependenciesTest.csproj", "{66DB4584-57CA-415E-9AF5-8C4A2BCDB2A2}"
EndProject
Project("{2150E333-8FDC-42A3-9474-1A3956D46DE8}") = "Core", "Core", "{E705786F-4EC7-4D9E-8DA2-7392F9D1F196}"
EndProject
Project("{9A19103F-16F7-4668-BE54-9A1E7A4F7556}") = "NP.Utilities", "..\..\SubModules\NP.Utilities\src\NP.Utilities.csproj", "{4FF25FC8-DBE3-418C-9BEA-80F8F0E5CD25}"
EndProject
Project("{9A19103F-16F7-4668-BE54-9A1E7A4F7556}") = "NP.IoCy", "..\..\SubModules\NP.IoCy\src\NP.IoCy.csproj", "{4915262E-2076-42EC-A0E8-8B4AA2282078}"
EndProject
Project("{9A19103F-16F7-4668-BE54-9A1E7A4F7556}") = "NP.Concepts.Behaviors", "..\..\SubModules\NP.Concepts.Behaviors\src\NP.Concepts.Behaviors.csproj", "{C86F08FD-6C63-44B7-A5BC-9BA19E60CC9D}"
EndProject
Project("{9A19103F-16F7-4668-BE54-9A1E7A4F7556}") = "NP.Avalonia.Visuals", "..\..\SubModules\NP.Avalonia.Visuals\src\NP.Avalonia.Visuals.csproj", "{3CC24A8D-41F0-4B0B-B0B2-7D60ADAD6435}"
EndProject
Project("{9A19103F-16F7-4668-BE54-9A1E7A4F7556}") = "NP.ViewModelInterfaces", "..\..\SubModules\NP.ViewModelInterfaces\src\NP.ViewModelInterfaces.csproj", "{2E947149-40FE-405A-B42E-691BEBF16056}"
EndProject
Project("{9A19103F-16F7-4668-BE54-9A1E7A4F7556}") = "NP.Avalonia.UniDock", "..\..\SubModules\NP.Avalonia.UniDock\src\NP.Avalonia.UniDock.csproj", "{6F86A3D4-8C21-487E-B794-01C6C9DD6420}"
EndProject
Project("{9A19103F-16F7-4668-BE54-9A1E7A4F7556}") = "NP.Avalonia.UniDockService", "..\..\SubModules\NP.Avalonia.UniDockService\src\NP.Avalonia.UniDockService.csproj", "{B6129253-146C-4D48-9727-2FA273E01FB0}"
EndProject
Project("{9A19103F-16F7-4668-BE54-9A1E7A4F7556}") = "NP.Avalonia.Gidon", "..\..\src\NP.Avalonia.Gidon.csproj", "{DE0E4D2C-91FF-4F21-894A-7B160879D6CB}"
EndProject
Project("{2150E333-8FDC-42A3-9474-1A3956D46DE8}") = "Plugins", "Plugins", "{AF04E210-6FF8-4C3D-A98A-1C9B1BBEA76A}"
EndProject
Project("{2150E333-8FDC-42A3-9474-1A3956D46DE8}") = "Services", "Services", "{FCAF1D0D-BECA-4A4B-8AF7-9513051F894D}"
EndProject
Project("{9A19103F-16F7-4668-BE54-9A1E7A4F7556}") = "MockAuthentication", "..\..\Tests\TestPlugins\Services\MockAuthentication\MockAuthentication.csproj", "{BA441CDE-DEAA-4EC4-8614-32BF2CCDABF7}"
EndProject
Project("{9A19103F-16F7-4668-BE54-9A1E7A4F7556}") = "NP.NLogAdapter", "..\..\SubModules\NP.NLogAdapter\src\NP.NLogAdapter.csproj", "{26FEAA6D-72C1-45E4-93D6-0B62EC74D025}"
EndProject
Project("{2150E333-8FDC-42A3-9474-1A3956D46DE8}") = "ViewViewModelPlugins", "ViewViewModelPlugins", "{D2078E00-8E4D-4064-B273-3941A98424A2}"
EndProject
Project("{2150E333-8FDC-42A3-9474-1A3956D46DE8}") = "Authentication", "Authentication", "{EBE20BF1-33D6-4456-844F-ACA8ACBA8F37}"
EndProject
Project("{9A19103F-16F7-4668-BE54-9A1E7A4F7556}") = "AuthenticationViewModelPlugin", "..\..\Tests\TestPlugins\ViewViewModelPlugins\Authentication\AuthenticationViewModelPlugin\AuthenticationViewModelPlugin.csproj", "{0234A424-1CFA-4647-8CAA-FACCF35EB06B}"
EndProject
Project("{9A19103F-16F7-4668-BE54-9A1E7A4F7556}") = "AuthenticationViewPlugin", "..\..\Tests\TestPlugins\ViewViewModelPlugins\Authentication\AuthenticationView\AuthenticationViewPlugin.csproj", "{9D4F06F3-D550-449D-A349-F32EBDBF3A0B}"
EndProject
Project("{2150E333-8FDC-42A3-9474-1A3956D46DE8}") = "EnterText", "EnterText", "{013B1682-F2DE-48EA-AFEC-F6FE5F1DCA04}"
EndProject
Project("{9A19103F-16F7-4668-BE54-9A1E7A4F7556}") = "EnterTextViewModelPlugin", "..\..\Tests\TestPlugins\ViewViewModelPlugins\EnterText\EnterTextViewModelPlugin\EnterTextViewModelPlugin.csproj", "{32FAD69B-588B-45E5-8073-EB5E18B62A41}"
EndProject
Project("{9A19103F-16F7-4668-BE54-9A1E7A4F7556}") = "TextService", "..\..\Tests\TestPlugins\Services\TextService\TextService.csproj", "{5249726F-4908-4B77-9118-7EF9DB708141}"
EndProject
Project("{9A19103F-16F7-4668-BE54-9A1E7A4F7556}") = "TestServiceInterfaces", "..\..\Tests\TestServiceInterfaces\TestServiceInterfaces.csproj", "{6B5CE61B-FD3E-46A9-8281-00EF456633C3}"
EndProject
Project("{2150E333-8FDC-42A3-9474-1A3956D46DE8}") = "TestsAndMocks", "TestsAndMocks", "{55489B05-1892-4757-B073-5F3E495EA250}"
EndProject
Project("{9A19103F-16F7-4668-BE54-9A1E7A4F7556}") = "EnterTextViewPlugin", "..\..\Tests\TestPlugins\ViewViewModelPlugins\EnterText\EnterTextViewPlugin\EnterTextViewPlugin.csproj", "{2BC73289-2255-4A84-A51F-81C5AF9AF9D1}"
EndProject
Project("{2150E333-8FDC-42A3-9474-1A3956D46DE8}") = "ReceiveText", "ReceiveText", "{D76CCC20-68C4-45E2-8A24-F8480DB74D68}"
EndProject
Project("{9A19103F-16F7-4668-BE54-9A1E7A4F7556}") = "ReceiveTextViewModelPlugin", "..\..\Tests\TestPlugins\ViewViewModelPlugins\ReceiveText\ReceiveTextViewModelPlugin\ReceiveTextViewModelPlugin.csproj", "{B4360082-4151-4CD0-803E-A68E0B2DDC9A}"
EndProject
Project("{9A19103F-16F7-4668-BE54-9A1E7A4F7556}") = "ReceiveTextViewPlugin", "..\..\Tests\TestPlugins\ViewViewModelPlugins\ReceiveText\ReceiveTextViewPlugin\ReceiveTextViewPlugin.csproj", "{5E488D7F-EDAF-4BCF-8286-C23B69EAE8FE}"
EndProject
Project("{9A19103F-16F7-4668-BE54-9A1E7A4F7556}") = "CommonNonVisualLib", "..\..\Tests\TestPlugins\ViewViewModelPlugins\CommonNonVisualLib\CommonNonVisualLib.csproj", "{BAF29056-6610-4F8D-816F-27490BED2F8B}"
EndProject
Project("{9A19103F-16F7-4668-BE54-9A1E7A4F7556}") = "NP.IoC.CommonImplementations", "..\..\SubModules\NP.IoC.CommonImplementations\src\NP.IoC.CommonImplementations.csproj", "{15461075-C31E-46BB-91DA-4841E3C1478C}"
EndProject
Project("{9A19103F-16F7-4668-BE54-9A1E7A4F7556}") = "NP.DependencyInjection", "..\..\SubModules\NP.DependencyInjection\src\NP.DependencyInjection.csproj", "{B166E42A-3E1F-4DAC-B8D4-9C80CB63867A}"
EndProject
Project("{9A19103F-16F7-4668-BE54-9A1E7A4F7556}") = "Common", "..\..\Tests\Common\Common.csproj", "{3B0AD885-A42E-430D-853A-88BA4B9D7A77}"
EndProject
Global
	GlobalSection(SolutionConfigurationPlatforms) = preSolution
		Debug|Any CPU = Debug|Any CPU
		Release|Any CPU = Release|Any CPU
	EndGlobalSection
	GlobalSection(ProjectConfigurationPlatforms) = postSolution
		{66DB4584-57CA-415E-9AF5-8C4A2BCDB2A2}.Debug|Any CPU.ActiveCfg = Debug|Any CPU
		{66DB4584-57CA-415E-9AF5-8C4A2BCDB2A2}.Debug|Any CPU.Build.0 = Debug|Any CPU
		{66DB4584-57CA-415E-9AF5-8C4A2BCDB2A2}.Release|Any CPU.ActiveCfg = Release|Any CPU
		{66DB4584-57CA-415E-9AF5-8C4A2BCDB2A2}.Release|Any CPU.Build.0 = Release|Any CPU
		{4FF25FC8-DBE3-418C-9BEA-80F8F0E5CD25}.Debug|Any CPU.ActiveCfg = Debug|Any CPU
		{4FF25FC8-DBE3-418C-9BEA-80F8F0E5CD25}.Debug|Any CPU.Build.0 = Debug|Any CPU
		{4FF25FC8-DBE3-418C-9BEA-80F8F0E5CD25}.Release|Any CPU.ActiveCfg = Release|Any CPU
		{4FF25FC8-DBE3-418C-9BEA-80F8F0E5CD25}.Release|Any CPU.Build.0 = Release|Any CPU
		{4915262E-2076-42EC-A0E8-8B4AA2282078}.Debug|Any CPU.ActiveCfg = Debug|Any CPU
		{4915262E-2076-42EC-A0E8-8B4AA2282078}.Debug|Any CPU.Build.0 = Debug|Any CPU
		{4915262E-2076-42EC-A0E8-8B4AA2282078}.Release|Any CPU.ActiveCfg = Release|Any CPU
		{4915262E-2076-42EC-A0E8-8B4AA2282078}.Release|Any CPU.Build.0 = Release|Any CPU
		{C86F08FD-6C63-44B7-A5BC-9BA19E60CC9D}.Debug|Any CPU.ActiveCfg = Debug|Any CPU
		{C86F08FD-6C63-44B7-A5BC-9BA19E60CC9D}.Debug|Any CPU.Build.0 = Debug|Any CPU
		{C86F08FD-6C63-44B7-A5BC-9BA19E60CC9D}.Release|Any CPU.ActiveCfg = Release|Any CPU
		{C86F08FD-6C63-44B7-A5BC-9BA19E60CC9D}.Release|Any CPU.Build.0 = Release|Any CPU
		{3CC24A8D-41F0-4B0B-B0B2-7D60ADAD6435}.Debug|Any CPU.ActiveCfg = Debug|Any CPU
		{3CC24A8D-41F0-4B0B-B0B2-7D60ADAD6435}.Debug|Any CPU.Build.0 = Debug|Any CPU
		{3CC24A8D-41F0-4B0B-B0B2-7D60ADAD6435}.Release|Any CPU.ActiveCfg = Release|Any CPU
		{3CC24A8D-41F0-4B0B-B0B2-7D60ADAD6435}.Release|Any CPU.Build.0 = Release|Any CPU
		{2E947149-40FE-405A-B42E-691BEBF16056}.Debug|Any CPU.ActiveCfg = Debug|Any CPU
		{2E947149-40FE-405A-B42E-691BEBF16056}.Debug|Any CPU.Build.0 = Debug|Any CPU
		{2E947149-40FE-405A-B42E-691BEBF16056}.Release|Any CPU.ActiveCfg = Release|Any CPU
		{2E947149-40FE-405A-B42E-691BEBF16056}.Release|Any CPU.Build.0 = Release|Any CPU
		{6F86A3D4-8C21-487E-B794-01C6C9DD6420}.Debug|Any CPU.ActiveCfg = Debug|Any CPU
		{6F86A3D4-8C21-487E-B794-01C6C9DD6420}.Debug|Any CPU.Build.0 = Debug|Any CPU
		{6F86A3D4-8C21-487E-B794-01C6C9DD6420}.Release|Any CPU.ActiveCfg = Release|Any CPU
		{6F86A3D4-8C21-487E-B794-01C6C9DD6420}.Release|Any CPU.Build.0 = Release|Any CPU
		{B6129253-146C-4D48-9727-2FA273E01FB0}.Debug|Any CPU.ActiveCfg = Debug|Any CPU
		{B6129253-146C-4D48-9727-2FA273E01FB0}.Debug|Any CPU.Build.0 = Debug|Any CPU
		{B6129253-146C-4D48-9727-2FA273E01FB0}.Release|Any CPU.ActiveCfg = Release|Any CPU
		{B6129253-146C-4D48-9727-2FA273E01FB0}.Release|Any CPU.Build.0 = Release|Any CPU
		{DE0E4D2C-91FF-4F21-894A-7B160879D6CB}.Debug|Any CPU.ActiveCfg = Debug|Any CPU
		{DE0E4D2C-91FF-4F21-894A-7B160879D6CB}.Debug|Any CPU.Build.0 = Debug|Any CPU
		{DE0E4D2C-91FF-4F21-894A-7B160879D6CB}.Release|Any CPU.ActiveCfg = Release|Any CPU
		{DE0E4D2C-91FF-4F21-894A-7B160879D6CB}.Release|Any CPU.Build.0 = Release|Any CPU
		{BA441CDE-DEAA-4EC4-8614-32BF2CCDABF7}.Debug|Any CPU.ActiveCfg = Debug|Any CPU
		{BA441CDE-DEAA-4EC4-8614-32BF2CCDABF7}.Debug|Any CPU.Build.0 = Debug|Any CPU
		{BA441CDE-DEAA-4EC4-8614-32BF2CCDABF7}.Release|Any CPU.ActiveCfg = Release|Any CPU
		{BA441CDE-DEAA-4EC4-8614-32BF2CCDABF7}.Release|Any CPU.Build.0 = Release|Any CPU
		{26FEAA6D-72C1-45E4-93D6-0B62EC74D025}.Debug|Any CPU.ActiveCfg = Debug|Any CPU
		{26FEAA6D-72C1-45E4-93D6-0B62EC74D025}.Debug|Any CPU.Build.0 = Debug|Any CPU
		{26FEAA6D-72C1-45E4-93D6-0B62EC74D025}.Release|Any CPU.ActiveCfg = Release|Any CPU
		{26FEAA6D-72C1-45E4-93D6-0B62EC74D025}.Release|Any CPU.Build.0 = Release|Any CPU
		{0234A424-1CFA-4647-8CAA-FACCF35EB06B}.Debug|Any CPU.ActiveCfg = Debug|Any CPU
		{0234A424-1CFA-4647-8CAA-FACCF35EB06B}.Debug|Any CPU.Build.0 = Debug|Any CPU
		{0234A424-1CFA-4647-8CAA-FACCF35EB06B}.Release|Any CPU.ActiveCfg = Release|Any CPU
		{0234A424-1CFA-4647-8CAA-FACCF35EB06B}.Release|Any CPU.Build.0 = Release|Any CPU
		{9D4F06F3-D550-449D-A349-F32EBDBF3A0B}.Debug|Any CPU.ActiveCfg = Debug|Any CPU
		{9D4F06F3-D550-449D-A349-F32EBDBF3A0B}.Debug|Any CPU.Build.0 = Debug|Any CPU
		{9D4F06F3-D550-449D-A349-F32EBDBF3A0B}.Release|Any CPU.ActiveCfg = Release|Any CPU
		{9D4F06F3-D550-449D-A349-F32EBDBF3A0B}.Release|Any CPU.Build.0 = Release|Any CPU
		{32FAD69B-588B-45E5-8073-EB5E18B62A41}.Debug|Any CPU.ActiveCfg = Debug|Any CPU
		{32FAD69B-588B-45E5-8073-EB5E18B62A41}.Debug|Any CPU.Build.0 = Debug|Any CPU
		{32FAD69B-588B-45E5-8073-EB5E18B62A41}.Release|Any CPU.ActiveCfg = Release|Any CPU
		{32FAD69B-588B-45E5-8073-EB5E18B62A41}.Release|Any CPU.Build.0 = Release|Any CPU
		{5249726F-4908-4B77-9118-7EF9DB708141}.Debug|Any CPU.ActiveCfg = Debug|Any CPU
		{5249726F-4908-4B77-9118-7EF9DB708141}.Debug|Any CPU.Build.0 = Debug|Any CPU
		{5249726F-4908-4B77-9118-7EF9DB708141}.Release|Any CPU.ActiveCfg = Release|Any CPU
		{5249726F-4908-4B77-9118-7EF9DB708141}.Release|Any CPU.Build.0 = Release|Any CPU
		{6B5CE61B-FD3E-46A9-8281-00EF456633C3}.Debug|Any CPU.ActiveCfg = Debug|Any CPU
		{6B5CE61B-FD3E-46A9-8281-00EF456633C3}.Debug|Any CPU.Build.0 = Debug|Any CPU
		{6B5CE61B-FD3E-46A9-8281-00EF456633C3}.Release|Any CPU.ActiveCfg = Release|Any CPU
		{6B5CE61B-FD3E-46A9-8281-00EF456633C3}.Release|Any CPU.Build.0 = Release|Any CPU
		{2BC73289-2255-4A84-A51F-81C5AF9AF9D1}.Debug|Any CPU.ActiveCfg = Debug|Any CPU
		{2BC73289-2255-4A84-A51F-81C5AF9AF9D1}.Debug|Any CPU.Build.0 = Debug|Any CPU
		{2BC73289-2255-4A84-A51F-81C5AF9AF9D1}.Release|Any CPU.ActiveCfg = Release|Any CPU
		{2BC73289-2255-4A84-A51F-81C5AF9AF9D1}.Release|Any CPU.Build.0 = Release|Any CPU
		{B4360082-4151-4CD0-803E-A68E0B2DDC9A}.Debug|Any CPU.ActiveCfg = Debug|Any CPU
		{B4360082-4151-4CD0-803E-A68E0B2DDC9A}.Debug|Any CPU.Build.0 = Debug|Any CPU
		{B4360082-4151-4CD0-803E-A68E0B2DDC9A}.Release|Any CPU.ActiveCfg = Release|Any CPU
		{B4360082-4151-4CD0-803E-A68E0B2DDC9A}.Release|Any CPU.Build.0 = Release|Any CPU
		{5E488D7F-EDAF-4BCF-8286-C23B69EAE8FE}.Debug|Any CPU.ActiveCfg = Debug|Any CPU
		{5E488D7F-EDAF-4BCF-8286-C23B69EAE8FE}.Debug|Any CPU.Build.0 = Debug|Any CPU
		{5E488D7F-EDAF-4BCF-8286-C23B69EAE8FE}.Release|Any CPU.ActiveCfg = Release|Any CPU
		{5E488D7F-EDAF-4BCF-8286-C23B69EAE8FE}.Release|Any CPU.Build.0 = Release|Any CPU
		{BAF29056-6610-4F8D-816F-27490BED2F8B}.Debug|Any CPU.ActiveCfg = Debug|Any CPU
		{BAF29056-6610-4F8D-816F-27490BED2F8B}.Debug|Any CPU.Build.0 = Debug|Any CPU
		{BAF29056-6610-4F8D-816F-27490BED2F8B}.Release|Any CPU.ActiveCfg = Release|Any CPU
		{BAF29056-6610-4F8D-816F-27490BED2F8B}.Release|Any CPU.Build.0 = Release|Any CPU
		{15461075-C31E-46BB-91DA-4841E3C1478C}.Debug|Any CPU.ActiveCfg = Debug|Any CPU
		{15461075-C31E-46BB-91DA-4841E3C1478C}.Debug|Any CPU.Build.0 = Debug|Any CPU
		{15461075-C31E-46BB-91DA-4841E3C1478C}.Release|Any CPU.ActiveCfg = Release|Any CPU
		{15461075-C31E-46BB-91DA-4841E3C1478C}.Release|Any CPU.Build.0 = Release|Any CPU
		{B166E42A-3E1F-4DAC-B8D4-9C80CB63867A}.Debug|Any CPU.ActiveCfg = Debug|Any CPU
		{B166E42A-3E1F-4DAC-B8D4-9C80CB63867A}.Debug|Any CPU.Build.0 = Debug|Any CPU
		{B166E42A-3E1F-4DAC-B8D4-9C80CB63867A}.Release|Any CPU.ActiveCfg = Release|Any CPU
		{B166E42A-3E1F-4DAC-B8D4-9C80CB63867A}.Release|Any CPU.Build.0 = Release|Any CPU
		{3B0AD885-A42E-430D-853A-88BA4B9D7A77}.Debug|Any CPU.ActiveCfg = Debug|Any CPU
		{3B0AD885-A42E-430D-853A-88BA4B9D7A77}.Debug|Any CPU.Build.0 = Debug|Any CPU
		{3B0AD885-A42E-430D-853A-88BA4B9D7A77}.Release|Any CPU.ActiveCfg = Release|Any CPU
		{3B0AD885-A42E-430D-853A-88BA4B9D7A77}.Release|Any CPU.Build.0 = Release|Any CPU
	EndGlobalSection
	GlobalSection(SolutionProperties) = preSolution
		HideSolutionNode = FALSE
	EndGlobalSection
	GlobalSection(NestedProjects) = preSolution
		{4FF25FC8-DBE3-418C-9BEA-80F8F0E5CD25} = {E705786F-4EC7-4D9E-8DA2-7392F9D1F196}
		{4915262E-2076-42EC-A0E8-8B4AA2282078} = {E705786F-4EC7-4D9E-8DA2-7392F9D1F196}
		{C86F08FD-6C63-44B7-A5BC-9BA19E60CC9D} = {E705786F-4EC7-4D9E-8DA2-7392F9D1F196}
		{3CC24A8D-41F0-4B0B-B0B2-7D60ADAD6435} = {E705786F-4EC7-4D9E-8DA2-7392F9D1F196}
		{2E947149-40FE-405A-B42E-691BEBF16056} = {E705786F-4EC7-4D9E-8DA2-7392F9D1F196}
		{6F86A3D4-8C21-487E-B794-01C6C9DD6420} = {E705786F-4EC7-4D9E-8DA2-7392F9D1F196}
		{B6129253-146C-4D48-9727-2FA273E01FB0} = {E705786F-4EC7-4D9E-8DA2-7392F9D1F196}
		{AF04E210-6FF8-4C3D-A98A-1C9B1BBEA76A} = {55489B05-1892-4757-B073-5F3E495EA250}
		{FCAF1D0D-BECA-4A4B-8AF7-9513051F894D} = {AF04E210-6FF8-4C3D-A98A-1C9B1BBEA76A}
		{BA441CDE-DEAA-4EC4-8614-32BF2CCDABF7} = {FCAF1D0D-BECA-4A4B-8AF7-9513051F894D}
		{26FEAA6D-72C1-45E4-93D6-0B62EC74D025} = {E705786F-4EC7-4D9E-8DA2-7392F9D1F196}
		{D2078E00-8E4D-4064-B273-3941A98424A2} = {AF04E210-6FF8-4C3D-A98A-1C9B1BBEA76A}
		{EBE20BF1-33D6-4456-844F-ACA8ACBA8F37} = {D2078E00-8E4D-4064-B273-3941A98424A2}
		{0234A424-1CFA-4647-8CAA-FACCF35EB06B} = {EBE20BF1-33D6-4456-844F-ACA8ACBA8F37}
		{9D4F06F3-D550-449D-A349-F32EBDBF3A0B} = {EBE20BF1-33D6-4456-844F-ACA8ACBA8F37}
		{013B1682-F2DE-48EA-AFEC-F6FE5F1DCA04} = {D2078E00-8E4D-4064-B273-3941A98424A2}
		{32FAD69B-588B-45E5-8073-EB5E18B62A41} = {013B1682-F2DE-48EA-AFEC-F6FE5F1DCA04}
		{5249726F-4908-4B77-9118-7EF9DB708141} = {FCAF1D0D-BECA-4A4B-8AF7-9513051F894D}
		{6B5CE61B-FD3E-46A9-8281-00EF456633C3} = {55489B05-1892-4757-B073-5F3E495EA250}
		{2BC73289-2255-4A84-A51F-81C5AF9AF9D1} = {013B1682-F2DE-48EA-AFEC-F6FE5F1DCA04}
		{D76CCC20-68C4-45E2-8A24-F8480DB74D68} = {D2078E00-8E4D-4064-B273-3941A98424A2}
		{B4360082-4151-4CD0-803E-A68E0B2DDC9A} = {D76CCC20-68C4-45E2-8A24-F8480DB74D68}
		{5E488D7F-EDAF-4BCF-8286-C23B69EAE8FE} = {D76CCC20-68C4-45E2-8A24-F8480DB74D68}
		{BAF29056-6610-4F8D-816F-27490BED2F8B} = {D2078E00-8E4D-4064-B273-3941A98424A2}
		{15461075-C31E-46BB-91DA-4841E3C1478C} = {E705786F-4EC7-4D9E-8DA2-7392F9D1F196}
		{B166E42A-3E1F-4DAC-B8D4-9C80CB63867A} = {E705786F-4EC7-4D9E-8DA2-7392F9D1F196}
		{3B0AD885-A42E-430D-853A-88BA4B9D7A77} = {55489B05-1892-4757-B073-5F3E495EA250}
	EndGlobalSection
	GlobalSection(ExtensibilityGlobals) = postSolution
		SolutionGuid = {7BC5B230-6682-4616-B704-70A7A9117AD3}
	EndGlobalSection
EndGlobal
