
Microsoft Visual Studio Solution File, Format Version 12.00
# Visual Studio Version 17
VisualStudioVersion = 17.0.32126.317
MinimumVisualStudioVersion = 10.0.40219.1
Project("{9A19103F-16F7-4668-BE54-9A1E7A4F7556}") = "DockableAppImplantsDemo", "DockableAppImplantsDemo.csproj", "{66DB4584-57CA-415E-9AF5-8C4A2BCDB2A2}"
EndProject
Project("{2150E333-8FDC-42A3-9474-1A3956D46DE8}") = "Core", "Core", "{E705786F-4EC7-4D9E-8DA2-7392F9D1F196}"
EndProject
Project("{9A19103F-16F7-4668-BE54-9A1E7A4F7556}") = "NP.Utilities", "..\..\SubModules\NP.Utilities\src\NP.Utilities.csproj", "{4FF25FC8-DBE3-418C-9BEA-80F8F0E5CD25}"
EndProject
Project("{9A19103F-16F7-4668-BE54-9A1E7A4F7556}") = "NP.IoCy", "..\..\SubModules\NP.IoCy\src\NP.IoCy.csproj", "{4915262E-2076-42EC-A0E8-8B4AA2282078}"
EndProject
Project("{9A19103F-16F7-4668-BE54-9A1E7A4F7556}") = "NP.Concepts.Behaviors", "..\..\SubModules\NP.Concepts.Behaviors\src\NP.Concepts.Behaviors.csproj", "{C86F08FD-6C63-44B7-A5BC-9BA19E60CC9D}"
EndProject
Project("{9A19103F-16F7-4668-BE54-9A1E7A4F7556}") = "NP.Avalonia.Visuals", "..\..\SubModules\NP.Avalonia.Visuals\src\NP.Avalonia.Visuals.csproj", "{3CC24A8D-41F0-4B0B-B0B2-7D60ADAD6435}"
EndProject
Project("{9A19103F-16F7-4668-BE54-9A1E7A4F7556}") = "NP.ViewModelInterfaces", "..\..\SubModules\NP.ViewModelInterfaces\src\NP.ViewModelInterfaces.csproj", "{2E947149-40FE-405A-B42E-691BEBF16056}"
EndProject
Project("{9A19103F-16F7-4668-BE54-9A1E7A4F7556}") = "NP.NLogAdapter", "..\..\SubModules\NP.NLogAdapter\src\NP.NLogAdapter.csproj", "{26FEAA6D-72C1-45E4-93D6-0B62EC74D025}"
EndProject
Project("{2150E333-8FDC-42A3-9474-1A3956D46DE8}") = "TestsAndMocks", "TestsAndMocks", "{55489B05-1892-4757-B073-5F3E495EA250}"
EndProject
Project("{9A19103F-16F7-4668-BE54-9A1E7A4F7556}") = "NP.DependencyInjection", "..\..\SubModules\NP.DependencyInjection\src\NP.DependencyInjection.csproj", "{CA782D52-BB04-418E-9DF6-B2DDAB1905E9}"
EndProject
Project("{9A19103F-16F7-4668-BE54-9A1E7A4F7556}") = "NP.IoC.CommonImplementations", "..\..\SubModules\NP.IoC.CommonImplementations\src\NP.IoC.CommonImplementations.csproj", "{CDC1766B-923C-420E-9926-4310581EE2C4}"
EndProject
Project("{9A19103F-16F7-4668-BE54-9A1E7A4F7556}") = "NP.Grpc.CommonRelayInterfaces", "..\..\SubModules\NP.Grpc.RelayServer\src\NP.Grpc.CommonRelayInterfaces.csproj", "{1E3FDBD5-97FD-475C-A25C-F939FC0463C3}"
EndProject
Project("{9A19103F-16F7-4668-BE54-9A1E7A4F7556}") = "NP.Protobuf", "..\..\SubModules\NP.Protobuf\src\NP.Protobuf.csproj", "{FEF20BAF-4FB6-4831-8496-D354FB4CD7B8}"
EndProject
Project("{9A19103F-16F7-4668-BE54-9A1E7A4F7556}") = "NP.Grpc.RelayServiceProto", "..\..\SubModules\NP.Grpc.RelayServer\NP.Grpc.RelayServiceProto\NP.Grpc.RelayServiceProto.csproj", "{B978655C-9AF1-4CB4-9DDD-C3C423CA0EBA}"
EndProject
Project("{9A19103F-16F7-4668-BE54-9A1E7A4F7556}") = "NP.Grpc.RelayServer", "..\..\SubModules\NP.Grpc.RelayServer\Plugins\NP.Grpc.RelayServer\NP.Grpc.RelayServer.csproj", "{8BD468A6-479E-4DF9-A5AC-C2B7C922E685}"
EndProject
Project("{9A19103F-16F7-4668-BE54-9A1E7A4F7556}") = "NP.Grpc.RelayClient", "..\..\SubModules\NP.Grpc.RelayServer\Plugins\NP.Grpc.RelayClient\NP.Grpc.RelayClient.csproj", "{74C2928B-9D18-4FBA-B5C4-88A198FC364E}"
EndProject
Project("{9A19103F-16F7-4668-BE54-9A1E7A4F7556}") = "NP.GrpcConfig", "..\..\SubModules\NP.Grpc.RelayServer\Plugins\NP.GrpcConfig\NP.GrpcConfig.csproj", "{0E7D011D-A095-4F00-AD10-DA5FFB532995}"
EndProject
Project("{2150E333-8FDC-42A3-9474-1A3956D46DE8}") = "Apps", "Apps", "{46281253-7203-45D4-9120-88D9D5205AE0}"
EndProject
Project("{2150E333-8FDC-42A3-9474-1A3956D46DE8}") = "Messages", "Messages", "{3D949FBF-A2D4-4F53-AB9D-DE124F6D08B1}"
EndProject
Project("{9A19103F-16F7-4668-BE54-9A1E7A4F7556}") = "NP.Gidon.MessagesProtos", "..\..\Messages\NP.Gidon.MessagesProtos\NP.Gidon.MessagesProtos.csproj", "{7F07F83D-BD4E-42DD-8B3B-15B2FE87B8F4}"
EndProject
Project("{9A19103F-16F7-4668-BE54-9A1E7A4F7556}") = "NP.Gidon.Messages", "..\..\Messages\NP.Gidon.Messages\NP.Gidon.Messages.csproj", "{9AB58659-56F0-4DE1-AFFC-4F43609EA52A}"
EndProject
Project("{9A19103F-16F7-4668-BE54-9A1E7A4F7556}") = "SimpleAvaloniaApp", "..\..\Tests\Apps\SimpleAvaloniaApp\SimpleAvaloniaApp.csproj", "{4C80B5F5-4EEA-4B58-B3C2-731D4CF1EC7E}"
EndProject
Project("{888888A0-9F3D-457C-B088-3A5042F75D52}") = "NP.Gidon.PythonMessages", "..\..\Messages\NP.Gidon.PythonMessages\NP.Gidon.PythonMessages.pyproj", "{6254E47A-C834-45FE-9F7F-9B77027F2B32}"
EndProject
Project("{9A19103F-16F7-4668-BE54-9A1E7A4F7556}") = "NP.Avalonia.Gidon", "..\..\src\NP.Avalonia.Gidon.csproj", "{5194BEA9-3B63-4B11-94A7-E979AFD8D13F}"
EndProject
Project("{888888A0-9F3D-457C-B088-3A5042F75D52}") = "SinusoidPyMatPlot", "..\..\Tests\Apps\SinusoidPyMatPlot\SinusoidPyMatPlot.pyproj", "{254FE6BF-60BA-435F-9470-1377F034C34A}"
EndProject
Project("{888888A0-9F3D-457C-B088-3A5042F75D52}") = "DotPyMatPlot", "..\..\Tests\Apps\DotPyMatPlot\DotPyMatPlot.pyproj", "{B358DC8C-CD05-4C22-9D44-1083EF03A07F}"
EndProject
Project("{9A19103F-16F7-4668-BE54-9A1E7A4F7556}") = "NP.Avalonia.UniDock", "..\..\SubModules\NP.Avalonia.UniDock\src\NP.Avalonia.UniDock.csproj", "{34464C98-AD91-4289-805C-B1C6598D0D4F}"
EndProject
Project("{9A19103F-16F7-4668-BE54-9A1E7A4F7556}") = "NP.Avalonia.UniDockService", "..\..\SubModules\NP.Avalonia.UniDockService\src\NP.Avalonia.UniDockService.csproj", "{86209266-C874-45CF-B22D-64D3FE17A276}"
EndProject
Project("{888888A0-9F3D-457C-B088-3A5042F75D52}") = "HistogramPlot", "..\..\..\NP.Avalonia.Demos\Gidon\DockableAppsDemo\Apps\HistogramPlot\HistogramPlot.pyproj", "{DB04B8EC-4199-4070-A036-4F4CA2829976}"
EndProject
Global
	GlobalSection(SolutionConfigurationPlatforms) = preSolution
		Debug|Any CPU = Debug|Any CPU
		Release|Any CPU = Release|Any CPU
	EndGlobalSection
	GlobalSection(ProjectConfigurationPlatforms) = postSolution
		{66DB4584-57CA-415E-9AF5-8C4A2BCDB2A2}.Debug|Any CPU.ActiveCfg = Debug|Any CPU
		{66DB4584-57CA-415E-9AF5-8C4A2BCDB2A2}.Debug|Any CPU.Build.0 = Debug|Any CPU
		{66DB4584-57CA-415E-9AF5-8C4A2BCDB2A2}.Release|Any CPU.ActiveCfg = Release|Any CPU
		{66DB4584-57CA-415E-9AF5-8C4A2BCDB2A2}.Release|Any CPU.Build.0 = Release|Any CPU
		{4FF25FC8-DBE3-418C-9BEA-80F8F0E5CD25}.Debug|Any CPU.ActiveCfg = Debug|Any CPU
		{4FF25FC8-DBE3-418C-9BEA-80F8F0E5CD25}.Debug|Any CPU.Build.0 = Debug|Any CPU
		{4FF25FC8-DBE3-418C-9BEA-80F8F0E5CD25}.Release|Any CPU.ActiveCfg = Release|Any CPU
		{4FF25FC8-DBE3-418C-9BEA-80F8F0E5CD25}.Release|Any CPU.Build.0 = Release|Any CPU
		{4915262E-2076-42EC-A0E8-8B4AA2282078}.Debug|Any CPU.ActiveCfg = Debug|Any CPU
		{4915262E-2076-42EC-A0E8-8B4AA2282078}.Debug|Any CPU.Build.0 = Debug|Any CPU
		{4915262E-2076-42EC-A0E8-8B4AA2282078}.Release|Any CPU.ActiveCfg = Release|Any CPU
		{4915262E-2076-42EC-A0E8-8B4AA2282078}.Release|Any CPU.Build.0 = Release|Any CPU
		{C86F08FD-6C63-44B7-A5BC-9BA19E60CC9D}.Debug|Any CPU.ActiveCfg = Debug|Any CPU
		{C86F08FD-6C63-44B7-A5BC-9BA19E60CC9D}.Debug|Any CPU.Build.0 = Debug|Any CPU
		{C86F08FD-6C63-44B7-A5BC-9BA19E60CC9D}.Release|Any CPU.ActiveCfg = Release|Any CPU
		{C86F08FD-6C63-44B7-A5BC-9BA19E60CC9D}.Release|Any CPU.Build.0 = Release|Any CPU
		{3CC24A8D-41F0-4B0B-B0B2-7D60ADAD6435}.Debug|Any CPU.ActiveCfg = Debug|Any CPU
		{3CC24A8D-41F0-4B0B-B0B2-7D60ADAD6435}.Debug|Any CPU.Build.0 = Debug|Any CPU
		{3CC24A8D-41F0-4B0B-B0B2-7D60ADAD6435}.Release|Any CPU.ActiveCfg = Release|Any CPU
		{3CC24A8D-41F0-4B0B-B0B2-7D60ADAD6435}.Release|Any CPU.Build.0 = Release|Any CPU
		{2E947149-40FE-405A-B42E-691BEBF16056}.Debug|Any CPU.ActiveCfg = Debug|Any CPU
		{2E947149-40FE-405A-B42E-691BEBF16056}.Debug|Any CPU.Build.0 = Debug|Any CPU
		{2E947149-40FE-405A-B42E-691BEBF16056}.Release|Any CPU.ActiveCfg = Release|Any CPU
		{2E947149-40FE-405A-B42E-691BEBF16056}.Release|Any CPU.Build.0 = Release|Any CPU
		{26FEAA6D-72C1-45E4-93D6-0B62EC74D025}.Debug|Any CPU.ActiveCfg = Debug|Any CPU
		{26FEAA6D-72C1-45E4-93D6-0B62EC74D025}.Debug|Any CPU.Build.0 = Debug|Any CPU
		{26FEAA6D-72C1-45E4-93D6-0B62EC74D025}.Release|Any CPU.ActiveCfg = Release|Any CPU
		{26FEAA6D-72C1-45E4-93D6-0B62EC74D025}.Release|Any CPU.Build.0 = Release|Any CPU
		{CA782D52-BB04-418E-9DF6-B2DDAB1905E9}.Debug|Any CPU.ActiveCfg = Debug|Any CPU
		{CA782D52-BB04-418E-9DF6-B2DDAB1905E9}.Debug|Any CPU.Build.0 = Debug|Any CPU
		{CA782D52-BB04-418E-9DF6-B2DDAB1905E9}.Release|Any CPU.ActiveCfg = Release|Any CPU
		{CA782D52-BB04-418E-9DF6-B2DDAB1905E9}.Release|Any CPU.Build.0 = Release|Any CPU
		{CDC1766B-923C-420E-9926-4310581EE2C4}.Debug|Any CPU.ActiveCfg = Debug|Any CPU
		{CDC1766B-923C-420E-9926-4310581EE2C4}.Debug|Any CPU.Build.0 = Debug|Any CPU
		{CDC1766B-923C-420E-9926-4310581EE2C4}.Release|Any CPU.ActiveCfg = Release|Any CPU
		{CDC1766B-923C-420E-9926-4310581EE2C4}.Release|Any CPU.Build.0 = Release|Any CPU
		{1E3FDBD5-97FD-475C-A25C-F939FC0463C3}.Debug|Any CPU.ActiveCfg = Debug|Any CPU
		{1E3FDBD5-97FD-475C-A25C-F939FC0463C3}.Debug|Any CPU.Build.0 = Debug|Any CPU
		{1E3FDBD5-97FD-475C-A25C-F939FC0463C3}.Release|Any CPU.ActiveCfg = Release|Any CPU
		{1E3FDBD5-97FD-475C-A25C-F939FC0463C3}.Release|Any CPU.Build.0 = Release|Any CPU
		{FEF20BAF-4FB6-4831-8496-D354FB4CD7B8}.Debug|Any CPU.ActiveCfg = Debug|Any CPU
		{FEF20BAF-4FB6-4831-8496-D354FB4CD7B8}.Debug|Any CPU.Build.0 = Debug|Any CPU
		{FEF20BAF-4FB6-4831-8496-D354FB4CD7B8}.Release|Any CPU.ActiveCfg = Release|Any CPU
		{FEF20BAF-4FB6-4831-8496-D354FB4CD7B8}.Release|Any CPU.Build.0 = Release|Any CPU
		{B978655C-9AF1-4CB4-9DDD-C3C423CA0EBA}.Debug|Any CPU.ActiveCfg = Debug|Any CPU
		{B978655C-9AF1-4CB4-9DDD-C3C423CA0EBA}.Debug|Any CPU.Build.0 = Debug|Any CPU
		{B978655C-9AF1-4CB4-9DDD-C3C423CA0EBA}.Release|Any CPU.ActiveCfg = Release|Any CPU
		{B978655C-9AF1-4CB4-9DDD-C3C423CA0EBA}.Release|Any CPU.Build.0 = Release|Any CPU
		{8BD468A6-479E-4DF9-A5AC-C2B7C922E685}.Debug|Any CPU.ActiveCfg = Debug|Any CPU
		{8BD468A6-479E-4DF9-A5AC-C2B7C922E685}.Debug|Any CPU.Build.0 = Debug|Any CPU
		{8BD468A6-479E-4DF9-A5AC-C2B7C922E685}.Release|Any CPU.ActiveCfg = Release|Any CPU
		{8BD468A6-479E-4DF9-A5AC-C2B7C922E685}.Release|Any CPU.Build.0 = Release|Any CPU
		{74C2928B-9D18-4FBA-B5C4-88A198FC364E}.Debug|Any CPU.ActiveCfg = Debug|Any CPU
		{74C2928B-9D18-4FBA-B5C4-88A198FC364E}.Debug|Any CPU.Build.0 = Debug|Any CPU
		{74C2928B-9D18-4FBA-B5C4-88A198FC364E}.Release|Any CPU.ActiveCfg = Release|Any CPU
		{74C2928B-9D18-4FBA-B5C4-88A198FC364E}.Release|Any CPU.Build.0 = Release|Any CPU
		{0E7D011D-A095-4F00-AD10-DA5FFB532995}.Debug|Any CPU.ActiveCfg = Debug|Any CPU
		{0E7D011D-A095-4F00-AD10-DA5FFB532995}.Debug|Any CPU.Build.0 = Debug|Any CPU
		{0E7D011D-A095-4F00-AD10-DA5FFB532995}.Release|Any CPU.ActiveCfg = Release|Any CPU
		{0E7D011D-A095-4F00-AD10-DA5FFB532995}.Release|Any CPU.Build.0 = Release|Any CPU
		{7F07F83D-BD4E-42DD-8B3B-15B2FE87B8F4}.Debug|Any CPU.ActiveCfg = Debug|Any CPU
		{7F07F83D-BD4E-42DD-8B3B-15B2FE87B8F4}.Debug|Any CPU.Build.0 = Debug|Any CPU
		{7F07F83D-BD4E-42DD-8B3B-15B2FE87B8F4}.Release|Any CPU.ActiveCfg = Release|Any CPU
		{7F07F83D-BD4E-42DD-8B3B-15B2FE87B8F4}.Release|Any CPU.Build.0 = Release|Any CPU
		{9AB58659-56F0-4DE1-AFFC-4F43609EA52A}.Debug|Any CPU.ActiveCfg = Debug|Any CPU
		{9AB58659-56F0-4DE1-AFFC-4F43609EA52A}.Debug|Any CPU.Build.0 = Debug|Any CPU
		{9AB58659-56F0-4DE1-AFFC-4F43609EA52A}.Release|Any CPU.ActiveCfg = Release|Any CPU
		{9AB58659-56F0-4DE1-AFFC-4F43609EA52A}.Release|Any CPU.Build.0 = Release|Any CPU
		{4C80B5F5-4EEA-4B58-B3C2-731D4CF1EC7E}.Debug|Any CPU.ActiveCfg = Debug|Any CPU
		{4C80B5F5-4EEA-4B58-B3C2-731D4CF1EC7E}.Debug|Any CPU.Build.0 = Debug|Any CPU
		{4C80B5F5-4EEA-4B58-B3C2-731D4CF1EC7E}.Release|Any CPU.ActiveCfg = Release|Any CPU
		{4C80B5F5-4EEA-4B58-B3C2-731D4CF1EC7E}.Release|Any CPU.Build.0 = Release|Any CPU
		{6254E47A-C834-45FE-9F7F-9B77027F2B32}.Debug|Any CPU.ActiveCfg = Debug|Any CPU
		{6254E47A-C834-45FE-9F7F-9B77027F2B32}.Release|Any CPU.ActiveCfg = Release|Any CPU
		{5194BEA9-3B63-4B11-94A7-E979AFD8D13F}.Debug|Any CPU.ActiveCfg = Debug|Any CPU
		{5194BEA9-3B63-4B11-94A7-E979AFD8D13F}.Debug|Any CPU.Build.0 = Debug|Any CPU
		{5194BEA9-3B63-4B11-94A7-E979AFD8D13F}.Release|Any CPU.ActiveCfg = Release|Any CPU
		{5194BEA9-3B63-4B11-94A7-E979AFD8D13F}.Release|Any CPU.Build.0 = Release|Any CPU
		{254FE6BF-60BA-435F-9470-1377F034C34A}.Debug|Any CPU.ActiveCfg = Debug|Any CPU
		{254FE6BF-60BA-435F-9470-1377F034C34A}.Release|Any CPU.ActiveCfg = Release|Any CPU
		{B358DC8C-CD05-4C22-9D44-1083EF03A07F}.Debug|Any CPU.ActiveCfg = Debug|Any CPU
		{B358DC8C-CD05-4C22-9D44-1083EF03A07F}.Release|Any CPU.ActiveCfg = Release|Any CPU
		{34464C98-AD91-4289-805C-B1C6598D0D4F}.Debug|Any CPU.ActiveCfg = Debug|Any CPU
		{34464C98-AD91-4289-805C-B1C6598D0D4F}.Debug|Any CPU.Build.0 = Debug|Any CPU
		{34464C98-AD91-4289-805C-B1C6598D0D4F}.Release|Any CPU.ActiveCfg = Release|Any CPU
		{34464C98-AD91-4289-805C-B1C6598D0D4F}.Release|Any CPU.Build.0 = Release|Any CPU
		{86209266-C874-45CF-B22D-64D3FE17A276}.Debug|Any CPU.ActiveCfg = Debug|Any CPU
		{86209266-C874-45CF-B22D-64D3FE17A276}.Debug|Any CPU.Build.0 = Debug|Any CPU
		{86209266-C874-45CF-B22D-64D3FE17A276}.Release|Any CPU.ActiveCfg = Release|Any CPU
		{86209266-C874-45CF-B22D-64D3FE17A276}.Release|Any CPU.Build.0 = Release|Any CPU
		{DB04B8EC-4199-4070-A036-4F4CA2829976}.Debug|Any CPU.ActiveCfg = Debug|Any CPU
		{DB04B8EC-4199-4070-A036-4F4CA2829976}.Release|Any CPU.ActiveCfg = Release|Any CPU
	EndGlobalSection
	GlobalSection(SolutionProperties) = preSolution
		HideSolutionNode = FALSE
	EndGlobalSection
	GlobalSection(NestedProjects) = preSolution
		{4FF25FC8-DBE3-418C-9BEA-80F8F0E5CD25} = {E705786F-4EC7-4D9E-8DA2-7392F9D1F196}
		{4915262E-2076-42EC-A0E8-8B4AA2282078} = {E705786F-4EC7-4D9E-8DA2-7392F9D1F196}
		{C86F08FD-6C63-44B7-A5BC-9BA19E60CC9D} = {E705786F-4EC7-4D9E-8DA2-7392F9D1F196}
		{3CC24A8D-41F0-4B0B-B0B2-7D60ADAD6435} = {E705786F-4EC7-4D9E-8DA2-7392F9D1F196}
		{2E947149-40FE-405A-B42E-691BEBF16056} = {E705786F-4EC7-4D9E-8DA2-7392F9D1F196}
		{26FEAA6D-72C1-45E4-93D6-0B62EC74D025} = {E705786F-4EC7-4D9E-8DA2-7392F9D1F196}
		{CA782D52-BB04-418E-9DF6-B2DDAB1905E9} = {E705786F-4EC7-4D9E-8DA2-7392F9D1F196}
		{CDC1766B-923C-420E-9926-4310581EE2C4} = {E705786F-4EC7-4D9E-8DA2-7392F9D1F196}
		{1E3FDBD5-97FD-475C-A25C-F939FC0463C3} = {E705786F-4EC7-4D9E-8DA2-7392F9D1F196}
		{FEF20BAF-4FB6-4831-8496-D354FB4CD7B8} = {E705786F-4EC7-4D9E-8DA2-7392F9D1F196}
		{B978655C-9AF1-4CB4-9DDD-C3C423CA0EBA} = {E705786F-4EC7-4D9E-8DA2-7392F9D1F196}
		{8BD468A6-479E-4DF9-A5AC-C2B7C922E685} = {E705786F-4EC7-4D9E-8DA2-7392F9D1F196}
		{74C2928B-9D18-4FBA-B5C4-88A198FC364E} = {E705786F-4EC7-4D9E-8DA2-7392F9D1F196}
		{0E7D011D-A095-4F00-AD10-DA5FFB532995} = {E705786F-4EC7-4D9E-8DA2-7392F9D1F196}
		{46281253-7203-45D4-9120-88D9D5205AE0} = {55489B05-1892-4757-B073-5F3E495EA250}
		{7F07F83D-BD4E-42DD-8B3B-15B2FE87B8F4} = {3D949FBF-A2D4-4F53-AB9D-DE124F6D08B1}
		{9AB58659-56F0-4DE1-AFFC-4F43609EA52A} = {3D949FBF-A2D4-4F53-AB9D-DE124F6D08B1}
		{4C80B5F5-4EEA-4B58-B3C2-731D4CF1EC7E} = {46281253-7203-45D4-9120-88D9D5205AE0}
		{6254E47A-C834-45FE-9F7F-9B77027F2B32} = {3D949FBF-A2D4-4F53-AB9D-DE124F6D08B1}
		{254FE6BF-60BA-435F-9470-1377F034C34A} = {46281253-7203-45D4-9120-88D9D5205AE0}
		{B358DC8C-CD05-4C22-9D44-1083EF03A07F} = {46281253-7203-45D4-9120-88D9D5205AE0}
		{34464C98-AD91-4289-805C-B1C6598D0D4F} = {E705786F-4EC7-4D9E-8DA2-7392F9D1F196}
		{86209266-C874-45CF-B22D-64D3FE17A276} = {E705786F-4EC7-4D9E-8DA2-7392F9D1F196}
		{DB04B8EC-4199-4070-A036-4F4CA2829976} = {46281253-7203-45D4-9120-88D9D5205AE0}
	EndGlobalSection
	GlobalSection(ExtensibilityGlobals) = postSolution
		SolutionGuid = {7BC5B230-6682-4616-B704-70A7A9117AD3}
	EndGlobalSection
EndGlobal
